
Microsoft Visual Studio Solution File, Format Version 12.00
# Visual Studio 15
Project("{FAE04EC0-301F-11D3-BF4B-00C04F79EFBC}") = "PacoNet.Domain", "src\PacoNet.Domain\PacoNet.Domain.csproj", "{EFBDB8DB-1D67-4630-BE58-74B7091F8B5E}"
EndProject
Project("{FAE04EC0-301F-11D3-BF4B-00C04F79EFBC}") = "PacoNet.Application", "src\PacoNet.Application\PacoNet.Application.csproj", "{724B7398-37E5-4973-8CAC-5CF2AF27C821}"
EndProject
Global
	GlobalSection(SolutionConfigurationPlatforms) = preSolution
		Debug|Any CPU = Debug|Any CPU
		Release|Any CPU = Release|Any CPU
	EndGlobalSection
	GlobalSection(ProjectConfigurationPlatforms) = postSolution
		{EFBDB8DB-1D67-4630-BE58-74B7091F8B5E}.Debug|Any CPU.ActiveCfg = Debug|Any CPU
		{EFBDB8DB-1D67-4630-BE58-74B7091F8B5E}.Debug|Any CPU.Build.0 = Debug|Any CPU
		{EFBDB8DB-1D67-4630-BE58-74B7091F8B5E}.Release|Any CPU.ActiveCfg = Release|Any CPU
		{EFBDB8DB-1D67-4630-BE58-74B7091F8B5E}.Release|Any CPU.Build.0 = Release|Any CPU
		{724B7398-37E5-4973-8CAC-5CF2AF27C821}.Debug|Any CPU.ActiveCfg = Debug|Any CPU
		{724B7398-37E5-4973-8CAC-5CF2AF27C821}.Debug|Any CPU.Build.0 = Debug|Any CPU
		{724B7398-37E5-4973-8CAC-5CF2AF27C821}.Release|Any CPU.ActiveCfg = Release|Any CPU
		{724B7398-37E5-4973-8CAC-5CF2AF27C821}.Release|Any CPU.Build.0 = Release|Any CPU
	EndGlobalSection
EndGlobal
